
Microsoft Visual Studio Solution File, Format Version 12.00
# Visual Studio Version 17
VisualStudioVersion = 17.11.35327.3
MinimumVisualStudioVersion = 10.0.40219.1
Project("{9A19103F-16F7-4668-BE54-9A1E7A4F7556}") = "NotesApi", "NotesApi\NotesApi.csproj", "{8B1D793A-09A2-4491-A25F-C0DA4D996536}"
EndProject
Project("{9A19103F-16F7-4668-BE54-9A1E7A4F7556}") = "UserApi", "UserApi\UserApi.csproj", "{F398EA95-23AB-4090-B44F-5D9590A1D5C6}"
EndProject
Project("{FAE04EC0-301F-11D3-BF4B-00C04F79EFBC}") = "interview3", "interview3\interview3.csproj", "{790A284C-36C1-4F2E-BEDD-D5F88F5DA1B8}"
EndProject
Global
	GlobalSection(SolutionConfigurationPlatforms) = preSolution
		Debug|Any CPU = Debug|Any CPU
		Release|Any CPU = Release|Any CPU
	EndGlobalSection
	GlobalSection(ProjectConfigurationPlatforms) = postSolution
		{8B1D793A-09A2-4491-A25F-C0DA4D996536}.Debug|Any CPU.ActiveCfg = Debug|Any CPU
		{8B1D793A-09A2-4491-A25F-C0DA4D996536}.Debug|Any CPU.Build.0 = Debug|Any CPU
		{8B1D793A-09A2-4491-A25F-C0DA4D996536}.Release|Any CPU.ActiveCfg = Release|Any CPU
		{8B1D793A-09A2-4491-A25F-C0DA4D996536}.Release|Any CPU.Build.0 = Release|Any CPU
		{F398EA95-23AB-4090-B44F-5D9590A1D5C6}.Debug|Any CPU.ActiveCfg = Debug|Any CPU
		{F398EA95-23AB-4090-B44F-5D9590A1D5C6}.Debug|Any CPU.Build.0 = Debug|Any CPU
		{F398EA95-23AB-4090-B44F-5D9590A1D5C6}.Release|Any CPU.ActiveCfg = Release|Any CPU
		{F398EA95-23AB-4090-B44F-5D9590A1D5C6}.Release|Any CPU.Build.0 = Release|Any CPU
		{790A284C-36C1-4F2E-BEDD-D5F88F5DA1B8}.Debug|Any CPU.ActiveCfg = Debug|Any CPU
		{790A284C-36C1-4F2E-BEDD-D5F88F5DA1B8}.Debug|Any CPU.Build.0 = Debug|Any CPU
		{790A284C-36C1-4F2E-BEDD-D5F88F5DA1B8}.Release|Any CPU.ActiveCfg = Release|Any CPU
		{790A284C-36C1-4F2E-BEDD-D5F88F5DA1B8}.Release|Any CPU.Build.0 = Release|Any CPU
	EndGlobalSection
	GlobalSection(SolutionProperties) = preSolution
		HideSolutionNode = FALSE
	EndGlobalSection
	GlobalSection(ExtensibilityGlobals) = postSolution
		SolutionGuid = {E2108511-5861-4D89-B489-1C6A05A15004}
	EndGlobalSection
EndGlobal
